
Microsoft Visual Studio Solution File, Format Version 12.00
# Visual Studio Version 16
VisualStudioVersion = 16.0.31515.178
MinimumVisualStudioVersion = 10.0.40219.1
Project("{9A19103F-16F7-4668-BE54-9A1E7A4F7556}") = "ChinookDatabase", "ChinookDatabase\ChinookDatabase.csproj", "{BDF293C5-11DE-499B-BCBD-342AD6E672A7}"
EndProject
Project("{FAE04EC0-301F-11D3-BF4B-00C04F79EFBC}") = "ChinookDatabase.Test", "ChinookDatabase.Test\ChinookDatabase.Test.csproj", "{8A2D9395-BD86-46C6-BFA8-2DBD7AA40C7B}"
EndProject
Global
	GlobalSection(SolutionConfigurationPlatforms) = preSolution
		Debug|Any CPU = Debug|Any CPU
		Release|Any CPU = Release|Any CPU
	EndGlobalSection
	GlobalSection(ProjectConfigurationPlatforms) = postSolution
		{BDF293C5-11DE-499B-BCBD-342AD6E672A7}.Debug|Any CPU.ActiveCfg = Debug|Any CPU
		{BDF293C5-11DE-499B-BCBD-342AD6E672A7}.Debug|Any CPU.Build.0 = Debug|Any CPU
		{BDF293C5-11DE-499B-BCBD-342AD6E672A7}.Release|Any CPU.ActiveCfg = Release|Any CPU
		{BDF293C5-11DE-499B-BCBD-342AD6E672A7}.Release|Any CPU.Build.0 = Release|Any CPU
		{8A2D9395-BD86-46C6-BFA8-2DBD7AA40C7B}.Debug|Any CPU.ActiveCfg = Debug|Any CPU
		{8A2D9395-BD86-46C6-BFA8-2DBD7AA40C7B}.Debug|Any CPU.Build.0 = Debug|Any CPU
		{8A2D9395-BD86-46C6-BFA8-2DBD7AA40C7B}.Release|Any CPU.ActiveCfg = Release|Any CPU
		{8A2D9395-BD86-46C6-BFA8-2DBD7AA40C7B}.Release|Any CPU.Build.0 = Release|Any CPU
	EndGlobalSection
	GlobalSection(SolutionProperties) = preSolution
		HideSolutionNode = FALSE
	EndGlobalSection
	GlobalSection(ExtensibilityGlobals) = postSolution
		SolutionGuid = {31FA95EB-7EB4-44CE-85EF-413908005DD9}
	EndGlobalSection
EndGlobal
